// !$*UTF8*$!
{
	archiveVersion = 1;
	classes = {
	};
	objectVersion = 56;
	objects = {

/* Begin PBXBuildFile section */
		52C0A60E2A99150600AD3318 /* GridExplorationApp.swift in Sources */ = {isa = PBXBuildFile; fileRef = 52C0A60D2A99150600AD3318 /* GridExplorationApp.swift */; };
		52C0A6102A99150600AD3318 /* ContentView.swift in Sources */ = {isa = PBXBuildFile; fileRef = 52C0A60F2A99150600AD3318 /* ContentView.swift */; };
		52C0A6122A99150700AD3318 /* Assets.xcassets in Resources */ = {isa = PBXBuildFile; fileRef = 52C0A6112A99150700AD3318 /* Assets.xcassets */; };
		52C0A6152A99150700AD3318 /* Preview Assets.xcassets in Resources */ = {isa = PBXBuildFile; fileRef = 52C0A6142A99150700AD3318 /* Preview Assets.xcassets */; };
		52C0A61F2A99150700AD3318 /* GridExplorationTests.swift in Sources */ = {isa = PBXBuildFile; fileRef = 52C0A61E2A99150700AD3318 /* GridExplorationTests.swift */; };
		52C0A6292A99150700AD3318 /* GridExplorationUITests.swift in Sources */ = {isa = PBXBuildFile; fileRef = 52C0A6282A99150700AD3318 /* GridExplorationUITests.swift */; };
		52C0A62B2A99150700AD3318 /* GridExplorationUITestsLaunchTests.swift in Sources */ = {isa = PBXBuildFile; fileRef = 52C0A62A2A99150700AD3318 /* GridExplorationUITestsLaunchTests.swift */; };
/* End PBXBuildFile section */

/* Begin PBXContainerItemProxy section */
		52C0A61B2A99150700AD3318 /* PBXContainerItemProxy */ = {
			isa = PBXContainerItemProxy;
			containerPortal = 52C0A6022A99150600AD3318 /* Project object */;
			proxyType = 1;
			remoteGlobalIDString = 52C0A6092A99150600AD3318;
			remoteInfo = GridExploration;
		};
		52C0A6252A99150700AD3318 /* PBXContainerItemProxy */ = {
			isa = PBXContainerItemProxy;
			containerPortal = 52C0A6022A99150600AD3318 /* Project object */;
			proxyType = 1;
			remoteGlobalIDString = 52C0A6092A99150600AD3318;
			remoteInfo = GridExploration;
		};
/* End PBXContainerItemProxy section */

/* Begin PBXFileReference section */
		52C0A60A2A99150600AD3318 /* GridExploration.app */ = {isa = PBXFileReference; explicitFileType = wrapper.application; includeInIndex = 0; path = GridExploration.app; sourceTree = BUILT_PRODUCTS_DIR; };
		52C0A60D2A99150600AD3318 /* GridExplorationApp.swift */ = {isa = PBXFileReference; lastKnownFileType = sourcecode.swift; path = GridExplorationApp.swift; sourceTree = "<group>"; };
		52C0A60F2A99150600AD3318 /* ContentView.swift */ = {isa = PBXFileReference; lastKnownFileType = sourcecode.swift; path = ContentView.swift; sourceTree = "<group>"; };
		52C0A6112A99150700AD3318 /* Assets.xcassets */ = {isa = PBXFileReference; lastKnownFileType = folder.assetcatalog; path = Assets.xcassets; sourceTree = "<group>"; };
		52C0A6142A99150700AD3318 /* Preview Assets.xcassets */ = {isa = PBXFileReference; lastKnownFileType = folder.assetcatalog; path = "Preview Assets.xcassets"; sourceTree = "<group>"; };
		52C0A61A2A99150700AD3318 /* GridExplorationTests.xctest */ = {isa = PBXFileReference; explicitFileType = wrapper.cfbundle; includeInIndex = 0; path = GridExplorationTests.xctest; sourceTree = BUILT_PRODUCTS_DIR; };
		52C0A61E2A99150700AD3318 /* GridExplorationTests.swift */ = {isa = PBXFileReference; lastKnownFileType = sourcecode.swift; path = GridExplorationTests.swift; sourceTree = "<group>"; };
		52C0A6242A99150700AD3318 /* GridExplorationUITests.xctest */ = {isa = PBXFileReference; explicitFileType = wrapper.cfbundle; includeInIndex = 0; path = GridExplorationUITests.xctest; sourceTree = BUILT_PRODUCTS_DIR; };
		52C0A6282A99150700AD3318 /* GridExplorationUITests.swift */ = {isa = PBXFileReference; lastKnownFileType = sourcecode.swift; path = GridExplorationUITests.swift; sourceTree = "<group>"; };
		52C0A62A2A99150700AD3318 /* GridExplorationUITestsLaunchTests.swift */ = {isa = PBXFileReference; lastKnownFileType = sourcecode.swift; path = GridExplorationUITestsLaunchTests.swift; sourceTree = "<group>"; };
/* End PBXFileReference section */

/* Begin PBXFrameworksBuildPhase section */
		52C0A6072A99150600AD3318 /* Frameworks */ = {
			isa = PBXFrameworksBuildPhase;
			buildActionMask = 2147483647;
			files = (
			);
			runOnlyForDeploymentPostprocessing = 0;
		};
		52C0A6172A99150700AD3318 /* Frameworks */ = {
			isa = PBXFrameworksBuildPhase;
			buildActionMask = 2147483647;
			files = (
			);
			runOnlyForDeploymentPostprocessing = 0;
		};
		52C0A6212A99150700AD3318 /* Frameworks */ = {
			isa = PBXFrameworksBuildPhase;
			buildActionMask = 2147483647;
			files = (
			);
			runOnlyForDeploymentPostprocessing = 0;
		};
/* End PBXFrameworksBuildPhase section */

/* Begin PBXGroup section */
		52C0A6012A99150600AD3318 = {
			isa = PBXGroup;
			children = (
				52C0A60C2A99150600AD3318 /* GridExploration */,
				52C0A61D2A99150700AD3318 /* GridExplorationTests */,
				52C0A6272A99150700AD3318 /* GridExplorationUITests */,
				52C0A60B2A99150600AD3318 /* Products */,
			);
			sourceTree = "<group>";
		};
		52C0A60B2A99150600AD3318 /* Products */ = {
			isa = PBXGroup;
			children = (
				52C0A60A2A99150600AD3318 /* GridExploration.app */,
				52C0A61A2A99150700AD3318 /* GridExplorationTests.xctest */,
				52C0A6242A99150700AD3318 /* GridExplorationUITests.xctest */,
			);
			name = Products;
			sourceTree = "<group>";
		};
		52C0A60C2A99150600AD3318 /* GridExploration */ = {
			isa = PBXGroup;
			children = (
				52C0A60D2A99150600AD3318 /* GridExplorationApp.swift */,
				52C0A60F2A99150600AD3318 /* ContentView.swift */,
				52C0A6112A99150700AD3318 /* Assets.xcassets */,
				52C0A6132A99150700AD3318 /* Preview Content */,
			);
			path = GridExploration;
			sourceTree = "<group>";
		};
		52C0A6132A99150700AD3318 /* Preview Content */ = {
			isa = PBXGroup;
			children = (
				52C0A6142A99150700AD3318 /* Preview Assets.xcassets */,
			);
			path = "Preview Content";
			sourceTree = "<group>";
		};
		52C0A61D2A99150700AD3318 /* GridExplorationTests */ = {
			isa = PBXGroup;
			children = (
				52C0A61E2A99150700AD3318 /* GridExplorationTests.swift */,
			);
			path = GridExplorationTests;
			sourceTree = "<group>";
		};
		52C0A6272A99150700AD3318 /* GridExplorationUITests */ = {
			isa = PBXGroup;
			children = (
				52C0A6282A99150700AD3318 /* GridExplorationUITests.swift */,
				52C0A62A2A99150700AD3318 /* GridExplorationUITestsLaunchTests.swift */,
			);
			path = GridExplorationUITests;
			sourceTree = "<group>";
		};
/* End PBXGroup section */

/* Begin PBXNativeTarget section */
		52C0A6092A99150600AD3318 /* GridExploration */ = {
			isa = PBXNativeTarget;
			buildConfigurationList = 52C0A62E2A99150700AD3318 /* Build configuration list for PBXNativeTarget "GridExploration" */;
			buildPhases = (
				52C0A6062A99150600AD3318 /* Sources */,
				52C0A6072A99150600AD3318 /* Frameworks */,
				52C0A6082A99150600AD3318 /* Resources */,
			);
			buildRules = (
			);
			dependencies = (
			);
			name = GridExploration;
			productName = GridExploration;
			productReference = 52C0A60A2A99150600AD3318 /* GridExploration.app */;
			productType = "com.apple.product-type.application";
		};
		52C0A6192A99150700AD3318 /* GridExplorationTests */ = {
			isa = PBXNativeTarget;
			buildConfigurationList = 52C0A6312A99150700AD3318 /* Build configuration list for PBXNativeTarget "GridExplorationTests" */;
			buildPhases = (
				52C0A6162A99150700AD3318 /* Sources */,
				52C0A6172A99150700AD3318 /* Frameworks */,
				52C0A6182A99150700AD3318 /* Resources */,
			);
			buildRules = (
			);
			dependencies = (
				52C0A61C2A99150700AD3318 /* PBXTargetDependency */,
			);
			name = GridExplorationTests;
			productName = GridExplorationTests;
			productReference = 52C0A61A2A99150700AD3318 /* GridExplorationTests.xctest */;
			productType = "com.apple.product-type.bundle.unit-test";
		};
		52C0A6232A99150700AD3318 /* GridExplorationUITests */ = {
			isa = PBXNativeTarget;
			buildConfigurationList = 52C0A6342A99150700AD3318 /* Build configuration list for PBXNativeTarget "GridExplorationUITests" */;
			buildPhases = (
				52C0A6202A99150700AD3318 /* Sources */,
				52C0A6212A99150700AD3318 /* Frameworks */,
				52C0A6222A99150700AD3318 /* Resources */,
			);
			buildRules = (
			);
			dependencies = (
				52C0A6262A99150700AD3318 /* PBXTargetDependency */,
			);
			name = GridExplorationUITests;
			productName = GridExplorationUITests;
			productReference = 52C0A6242A99150700AD3318 /* GridExplorationUITests.xctest */;
			productType = "com.apple.product-type.bundle.ui-testing";
		};
/* End PBXNativeTarget section */

/* Begin PBXProject section */
		52C0A6022A99150600AD3318 /* Project object */ = {
			isa = PBXProject;
			attributes = {
				BuildIndependentTargetsInParallel = 1;
				LastSwiftUpdateCheck = 1430;
				LastUpgradeCheck = 1430;
				TargetAttributes = {
					52C0A6092A99150600AD3318 = {
						CreatedOnToolsVersion = 14.3;
					};
					52C0A6192A99150700AD3318 = {
						CreatedOnToolsVersion = 14.3;
						TestTargetID = 52C0A6092A99150600AD3318;
					};
					52C0A6232A99150700AD3318 = {
						CreatedOnToolsVersion = 14.3;
						TestTargetID = 52C0A6092A99150600AD3318;
					};
				};
			};
			buildConfigurationList = 52C0A6052A99150600AD3318 /* Build configuration list for PBXProject "GridExploration" */;
			compatibilityVersion = "Xcode 14.0";
			developmentRegion = en;
			hasScannedForEncodings = 0;
			knownRegions = (
				en,
				Base,
			);
			mainGroup = 52C0A6012A99150600AD3318;
			productRefGroup = 52C0A60B2A99150600AD3318 /* Products */;
			projectDirPath = "";
			projectRoot = "";
			targets = (
				52C0A6092A99150600AD3318 /* GridExploration */,
				52C0A6192A99150700AD3318 /* GridExplorationTests */,
				52C0A6232A99150700AD3318 /* GridExplorationUITests */,
			);
		};
/* End PBXProject section */

/* Begin PBXResourcesBuildPhase section */
		52C0A6082A99150600AD3318 /* Resources */ = {
			isa = PBXResourcesBuildPhase;
			buildActionMask = 2147483647;
			files = (
				52C0A6152A99150700AD3318 /* Preview Assets.xcassets in Resources */,
				52C0A6122A99150700AD3318 /* Assets.xcassets in Resources */,
			);
			runOnlyForDeploymentPostprocessing = 0;
		};
		52C0A6182A99150700AD3318 /* Resources */ = {
			isa = PBXResourcesBuildPhase;
			buildActionMask = 2147483647;
			files = (
			);
			runOnlyForDeploymentPostprocessing = 0;
		};
		52C0A6222A99150700AD3318 /* Resources */ = {
			isa = PBXResourcesBuildPhase;
			buildActionMask = 2147483647;
			files = (
			);
			runOnlyForDeploymentPostprocessing = 0;
		};
/* End PBXResourcesBuildPhase section */

/* Begin PBXSourcesBuildPhase section */
		52C0A6062A99150600AD3318 /* Sources */ = {
			isa = PBXSourcesBuildPhase;
			buildActionMask = 2147483647;
			files = (
				52C0A6102A99150600AD3318 /* ContentView.swift in Sources */,
				52C0A60E2A99150600AD3318 /* GridExplorationApp.swift in Sources */,
			);
			runOnlyForDeploymentPostprocessing = 0;
		};
		52C0A6162A99150700AD3318 /* Sources */ = {
			isa = PBXSourcesBuildPhase;
			buildActionMask = 2147483647;
			files = (
				52C0A61F2A99150700AD3318 /* GridExplorationTests.swift in Sources */,
			);
			runOnlyForDeploymentPostprocessing = 0;
		};
		52C0A6202A99150700AD3318 /* Sources */ = {
			isa = PBXSourcesBuildPhase;
			buildActionMask = 2147483647;
			files = (
				52C0A62B2A99150700AD3318 /* GridExplorationUITestsLaunchTests.swift in Sources */,
				52C0A6292A99150700AD3318 /* GridExplorationUITests.swift in Sources */,
			);
			runOnlyForDeploymentPostprocessing = 0;
		};
/* End PBXSourcesBuildPhase section */

/* Begin PBXTargetDependency section */
		52C0A61C2A99150700AD3318 /* PBXTargetDependency */ = {
			isa = PBXTargetDependency;
			target = 52C0A6092A99150600AD3318 /* GridExploration */;
			targetProxy = 52C0A61B2A99150700AD3318 /* PBXContainerItemProxy */;
		};
		52C0A6262A99150700AD3318 /* PBXTargetDependency */ = {
			isa = PBXTargetDependency;
			target = 52C0A6092A99150600AD3318 /* GridExploration */;
			targetProxy = 52C0A6252A99150700AD3318 /* PBXContainerItemProxy */;
		};
/* End PBXTargetDependency section */

/* Begin XCBuildConfiguration section */
		52C0A62C2A99150700AD3318 /* Debug */ = {
			isa = XCBuildConfiguration;
			buildSettings = {
				ALWAYS_SEARCH_USER_PATHS = NO;
				CLANG_ANALYZER_NONNULL = YES;
				CLANG_ANALYZER_NUMBER_OBJECT_CONVERSION = YES_AGGRESSIVE;
				CLANG_CXX_LANGUAGE_STANDARD = "gnu++20";
				CLANG_ENABLE_MODULES = YES;
				CLANG_ENABLE_OBJC_ARC = YES;
				CLANG_ENABLE_OBJC_WEAK = YES;
				CLANG_WARN_BLOCK_CAPTURE_AUTORELEASING = YES;
				CLANG_WARN_BOOL_CONVERSION = YES;
				CLANG_WARN_COMMA = YES;
				CLANG_WARN_CONSTANT_CONVERSION = YES;
				CLANG_WARN_DEPRECATED_OBJC_IMPLEMENTATIONS = YES;
				CLANG_WARN_DIRECT_OBJC_ISA_USAGE = YES_ERROR;
				CLANG_WARN_DOCUMENTATION_COMMENTS = YES;
				CLANG_WARN_EMPTY_BODY = YES;
				CLANG_WARN_ENUM_CONVERSION = YES;
				CLANG_WARN_INFINITE_RECURSION = YES;
				CLANG_WARN_INT_CONVERSION = YES;
				CLANG_WARN_NON_LITERAL_NULL_CONVERSION = YES;
				CLANG_WARN_OBJC_IMPLICIT_RETAIN_SELF = YES;
				CLANG_WARN_OBJC_LITERAL_CONVERSION = YES;
				CLANG_WARN_OBJC_ROOT_CLASS = YES_ERROR;
				CLANG_WARN_QUOTED_INCLUDE_IN_FRAMEWORK_HEADER = YES;
				CLANG_WARN_RANGE_LOOP_ANALYSIS = YES;
				CLANG_WARN_STRICT_PROTOTYPES = YES;
				CLANG_WARN_SUSPICIOUS_MOVE = YES;
				CLANG_WARN_UNGUARDED_AVAILABILITY = YES_AGGRESSIVE;
				CLANG_WARN_UNREACHABLE_CODE = YES;
				CLANG_WARN__DUPLICATE_METHOD_MATCH = YES;
				COPY_PHASE_STRIP = NO;
				DEBUG_INFORMATION_FORMAT = dwarf;
				ENABLE_STRICT_OBJC_MSGSEND = YES;
				ENABLE_TESTABILITY = YES;
				GCC_C_LANGUAGE_STANDARD = gnu11;
				GCC_DYNAMIC_NO_PIC = NO;
				GCC_NO_COMMON_BLOCKS = YES;
				GCC_OPTIMIZATION_LEVEL = 0;
				GCC_PREPROCESSOR_DEFINITIONS = (
					"DEBUG=1",
					"$(inherited)",
				);
				GCC_WARN_64_TO_32_BIT_CONVERSION = YES;
				GCC_WARN_ABOUT_RETURN_TYPE = YES_ERROR;
				GCC_WARN_UNDECLARED_SELECTOR = YES;
				GCC_WARN_UNINITIALIZED_AUTOS = YES_AGGRESSIVE;
				GCC_WARN_UNUSED_FUNCTION = YES;
				GCC_WARN_UNUSED_VARIABLE = YES;
				IPHONEOS_DEPLOYMENT_TARGET = 16.4;
				MTL_ENABLE_DEBUG_INFO = INCLUDE_SOURCE;
				MTL_FAST_MATH = YES;
				ONLY_ACTIVE_ARCH = YES;
				SDKROOT = iphoneos;
				SWIFT_ACTIVE_COMPILATION_CONDITIONS = DEBUG;
				SWIFT_OPTIMIZATION_LEVEL = "-Onone";
			};
			name = Debug;
		};
		52C0A62D2A99150700AD3318 /* Release */ = {
			isa = XCBuildConfiguration;
			buildSettings = {
				ALWAYS_SEARCH_USER_PATHS = NO;
				CLANG_ANALYZER_NONNULL = YES;
				CLANG_ANALYZER_NUMBER_OBJECT_CONVERSION = YES_AGGRESSIVE;
				CLANG_CXX_LANGUAGE_STANDARD = "gnu++20";
				CLANG_ENABLE_MODULES = YES;
				CLANG_ENABLE_OBJC_ARC = YES;
				CLANG_ENABLE_OBJC_WEAK = YES;
				CLANG_WARN_BLOCK_CAPTURE_AUTORELEASING = YES;
				CLANG_WARN_BOOL_CONVERSION = YES;
				CLANG_WARN_COMMA = YES;
				CLANG_WARN_CONSTANT_CONVERSION = YES;
				CLANG_WARN_DEPRECATED_OBJC_IMPLEMENTATIONS = YES;
				CLANG_WARN_DIRECT_OBJC_ISA_USAGE = YES_ERROR;
				CLANG_WARN_DOCUMENTATION_COMMENTS = YES;
				CLANG_WARN_EMPTY_BODY = YES;
				CLANG_WARN_ENUM_CONVERSION = YES;
				CLANG_WARN_INFINITE_RECURSION = YES;
				CLANG_WARN_INT_CONVERSION = YES;
				CLANG_WARN_NON_LITERAL_NULL_CONVERSION = YES;
				CLANG_WARN_OBJC_IMPLICIT_RETAIN_SELF = YES;
				CLANG_WARN_OBJC_LITERAL_CONVERSION = YES;
				CLANG_WARN_OBJC_ROOT_CLASS = YES_ERROR;
				CLANG_WARN_QUOTED_INCLUDE_IN_FRAMEWORK_HEADER = YES;
				CLANG_WARN_RANGE_LOOP_ANALYSIS = YES;
				CLANG_WARN_STRICT_PROTOTYPES = YES;
				CLANG_WARN_SUSPICIOUS_MOVE = YES;
				CLANG_WARN_UNGUARDED_AVAILABILITY = YES_AGGRESSIVE;
				CLANG_WARN_UNREACHABLE_CODE = YES;
				CLANG_WARN__DUPLICATE_METHOD_MATCH = YES;
				COPY_PHASE_STRIP = NO;
				DEBUG_INFORMATION_FORMAT = "dwarf-with-dsym";
				ENABLE_NS_ASSERTIONS = NO;
				ENABLE_STRICT_OBJC_MSGSEND = YES;
				GCC_C_LANGUAGE_STANDARD = gnu11;
				GCC_NO_COMMON_BLOCKS = YES;
				GCC_WARN_64_TO_32_BIT_CONVERSION = YES;
				GCC_WARN_ABOUT_RETURN_TYPE = YES_ERROR;
				GCC_WARN_UNDECLARED_SELECTOR = YES;
				GCC_WARN_UNINITIALIZED_AUTOS = YES_AGGRESSIVE;
				GCC_WARN_UNUSED_FUNCTION = YES;
				GCC_WARN_UNUSED_VARIABLE = YES;
				IPHONEOS_DEPLOYMENT_TARGET = 16.4;
				MTL_ENABLE_DEBUG_INFO = NO;
				MTL_FAST_MATH = YES;
				SDKROOT = iphoneos;
				SWIFT_COMPILATION_MODE = wholemodule;
				SWIFT_OPTIMIZATION_LEVEL = "-O";
				VALIDATE_PRODUCT = YES;
			};
			name = Release;
		};
		52C0A62F2A99150700AD3318 /* Debug */ = {
			isa = XCBuildConfiguration;
			buildSettings = {
				ASSETCATALOG_COMPILER_APPICON_NAME = AppIcon;
				ASSETCATALOG_COMPILER_GLOBAL_ACCENT_COLOR_NAME = AccentColor;
				CODE_SIGN_STYLE = Automatic;
				CURRENT_PROJECT_VERSION = 1;
				DEVELOPMENT_ASSET_PATHS = "\"GridExploration/Preview Content\"";
				DEVELOPMENT_TEAM = WRJ8J85K4Q;
				ENABLE_PREVIEWS = YES;
				GENERATE_INFOPLIST_FILE = YES;
				INFOPLIST_KEY_UIApplicationSceneManifest_Generation = YES;
				INFOPLIST_KEY_UIApplicationSupportsIndirectInputEvents = YES;
				INFOPLIST_KEY_UILaunchScreen_Generation = YES;
				INFOPLIST_KEY_UISupportedInterfaceOrientations_iPad = "UIInterfaceOrientationPortrait UIInterfaceOrientationPortraitUpsideDown UIInterfaceOrientationLandscapeLeft UIInterfaceOrientationLandscapeRight";
				INFOPLIST_KEY_UISupportedInterfaceOrientations_iPhone = "UIInterfaceOrientationPortrait UIInterfaceOrientationLandscapeLeft UIInterfaceOrientationLandscapeRight";
				LD_RUNPATH_SEARCH_PATHS = (
					"$(inherited)",
					"@executable_path/Frameworks",
				);
				MARKETING_VERSION = 1.0;
				PRODUCT_BUNDLE_IDENTIFIER = com.codedbydan.GridExploration;
				PRODUCT_NAME = "$(TARGET_NAME)";
				SWIFT_EMIT_LOC_STRINGS = YES;
				SWIFT_VERSION = 5.0;
				TARGETED_DEVICE_FAMILY = "1,2";
			};
			name = Debug;
		};
		52C0A6302A99150700AD3318 /* Release */ = {
			isa = XCBuildConfiguration;
			buildSettings = {
				ASSETCATALOG_COMPILER_APPICON_NAME = AppIcon;
				ASSETCATALOG_COMPILER_GLOBAL_ACCENT_COLOR_NAME = AccentColor;
				CODE_SIGN_STYLE = Automatic;
				CURRENT_PROJECT_VERSION = 1;
				DEVELOPMENT_ASSET_PATHS = "\"GridExploration/Preview Content\"";
				DEVELOPMENT_TEAM = WRJ8J85K4Q;
				ENABLE_PREVIEWS = YES;
				GENERATE_INFOPLIST_FILE = YES;
				INFOPLIST_KEY_UIApplicationSceneManifest_Generation = YES;
				INFOPLIST_KEY_UIApplicationSupportsIndirectInputEvents = YES;
				INFOPLIST_KEY_UILaunchScreen_Generation = YES;
				INFOPLIST_KEY_UISupportedInterfaceOrientations_iPad = "UIInterfaceOrientationPortrait UIInterfaceOrientationPortraitUpsideDown UIInterfaceOrientationLandscapeLeft UIInterfaceOrientationLandscapeRight";
				INFOPLIST_KEY_UISupportedInterfaceOrientations_iPhone = "UIInterfaceOrientationPortrait UIInterfaceOrientationLandscapeLeft UIInterfaceOrientationLandscapeRight";
				LD_RUNPATH_SEARCH_PATHS = (
					"$(inherited)",
					"@executable_path/Frameworks",
				);
				MARKETING_VERSION = 1.0;
				PRODUCT_BUNDLE_IDENTIFIER = com.codedbydan.GridExploration;
				PRODUCT_NAME = "$(TARGET_NAME)";
				SWIFT_EMIT_LOC_STRINGS = YES;
				SWIFT_VERSION = 5.0;
				TARGETED_DEVICE_FAMILY = "1,2";
			};
			name = Release;
		};
		52C0A6322A99150700AD3318 /* Debug */ = {
			isa = XCBuildConfiguration;
			buildSettings = {
				ALWAYS_EMBED_SWIFT_STANDARD_LIBRARIES = YES;
				BUNDLE_LOADER = "$(TEST_HOST)";
				CODE_SIGN_STYLE = Automatic;
				CURRENT_PROJECT_VERSION = 1;
				DEVELOPMENT_TEAM = WRJ8J85K4Q;
				GENERATE_INFOPLIST_FILE = YES;
				IPHONEOS_DEPLOYMENT_TARGET = 16.4;
				MARKETING_VERSION = 1.0;
				PRODUCT_BUNDLE_IDENTIFIER = com.codedbydan.GridExplorationTests;
				PRODUCT_NAME = "$(TARGET_NAME)";
				SWIFT_EMIT_LOC_STRINGS = NO;
				SWIFT_VERSION = 5.0;
				TARGETED_DEVICE_FAMILY = "1,2";
				TEST_HOST = "$(BUILT_PRODUCTS_DIR)/GridExploration.app/$(BUNDLE_EXECUTABLE_FOLDER_PATH)/GridExploration";
			};
			name = Debug;
		};
		52C0A6332A99150700AD3318 /* Release */ = {
			isa = XCBuildConfiguration;
			buildSettings = {
				ALWAYS_EMBED_SWIFT_STANDARD_LIBRARIES = YES;
				BUNDLE_LOADER = "$(TEST_HOST)";
				CODE_SIGN_STYLE = Automatic;
				CURRENT_PROJECT_VERSION = 1;
				DEVELOPMENT_TEAM = WRJ8J85K4Q;
				GENERATE_INFOPLIST_FILE = YES;
				IPHONEOS_DEPLOYMENT_TARGET = 16.4;
				MARKETING_VERSION = 1.0;
				PRODUCT_BUNDLE_IDENTIFIER = com.codedbydan.GridExplorationTests;
				PRODUCT_NAME = "$(TARGET_NAME)";
				SWIFT_EMIT_LOC_STRINGS = NO;
				SWIFT_VERSION = 5.0;
				TARGETED_DEVICE_FAMILY = "1,2";
				TEST_HOST = "$(BUILT_PRODUCTS_DIR)/GridExploration.app/$(BUNDLE_EXECUTABLE_FOLDER_PATH)/GridExploration";
			};
			name = Release;
		};
		52C0A6352A99150700AD3318 /* Debug */ = {
			isa = XCBuildConfiguration;
			buildSettings = {
				ALWAYS_EMBED_SWIFT_STANDARD_LIBRARIES = YES;
				CODE_SIGN_STYLE = Automatic;
				CURRENT_PROJECT_VERSION = 1;
				DEVELOPMENT_TEAM = WRJ8J85K4Q;
				GENERATE_INFOPLIST_FILE = YES;
				MARKETING_VERSION = 1.0;
				PRODUCT_BUNDLE_IDENTIFIER = com.codedbydan.GridExplorationUITests;
				PRODUCT_NAME = "$(TARGET_NAME)";
				SWIFT_EMIT_LOC_STRINGS = NO;
				SWIFT_VERSION = 5.0;
				TARGETED_DEVICE_FAMILY = "1,2";
				TEST_TARGET_NAME = GridExploration;
			};
			name = Debug;
		};
		52C0A6362A99150700AD3318 /* Release */ = {
			isa = XCBuildConfiguration;
			buildSettings = {
				ALWAYS_EMBED_SWIFT_STANDARD_LIBRARIES = YES;
				CODE_SIGN_STYLE = Automatic;
				CURRENT_PROJECT_VERSION = 1;
				DEVELOPMENT_TEAM = WRJ8J85K4Q;
				GENERATE_INFOPLIST_FILE = YES;
				MARKETING_VERSION = 1.0;
				PRODUCT_BUNDLE_IDENTIFIER = com.codedbydan.GridExplorationUITests;
				PRODUCT_NAME = "$(TARGET_NAME)";
				SWIFT_EMIT_LOC_STRINGS = NO;
				SWIFT_VERSION = 5.0;
				TARGETED_DEVICE_FAMILY = "1,2";
				TEST_TARGET_NAME = GridExploration;
			};
			name = Release;
		};
/* End XCBuildConfiguration section */

/* Begin XCConfigurationList section */
		52C0A6052A99150600AD3318 /* Build configuration list for PBXProject "GridExploration" */ = {
			isa = XCConfigurationList;
			buildConfigurations = (
				52C0A62C2A99150700AD3318 /* Debug */,
				52C0A62D2A99150700AD3318 /* Release */,
			);
			defaultConfigurationIsVisible = 0;
			defaultConfigurationName = Release;
		};
		52C0A62E2A99150700AD3318 /* Build configuration list for PBXNativeTarget "GridExploration" */ = {
			isa = XCConfigurationList;
			buildConfigurations = (
				52C0A62F2A99150700AD3318 /* Debug */,
				52C0A6302A99150700AD3318 /* Release */,
			);
			defaultConfigurationIsVisible = 0;
			defaultConfigurationName = Release;
		};
		52C0A6312A99150700AD3318 /* Build configuration list for PBXNativeTarget "GridExplorationTests" */ = {
			isa = XCConfigurationList;
			buildConfigurations = (
				52C0A6322A99150700AD3318 /* Debug */,
				52C0A6332A99150700AD3318 /* Release */,
			);
			defaultConfigurationIsVisible = 0;
			defaultConfigurationName = Release;
		};
		52C0A6342A99150700AD3318 /* Build configuration list for PBXNativeTarget "GridExplorationUITests" */ = {
			isa = XCConfigurationList;
			buildConfigurations = (
				52C0A6352A99150700AD3318 /* Debug */,
				52C0A6362A99150700AD3318 /* Release */,
			);
			defaultConfigurationIsVisible = 0;
			defaultConfigurationName = Release;
		};
/* End XCConfigurationList section */
	};
	rootObject = 52C0A6022A99150600AD3318 /* Project object */;
}
